
Microsoft Visual Studio Solution File, Format Version 12.00
# Visual Studio Version 16
VisualStudioVersion = 16.0.31624.102
MinimumVisualStudioVersion = 10.0.40219.1
Project("{FAE04EC0-301F-11D3-BF4B-00C04F79EFBC}") = "AppLifecycleTutorial.Android", "AppLifecycleTutorial\AppLifecycleTutorial.Android\AppLifecycleTutorial.Android.csproj", "{44000F1D-B6BF-4329-9C1D-48CF66511669}"
EndProject
Project("{FAE04EC0-301F-11D3-BF4B-00C04F79EFBC}") = "AppLifecycleTutorial.iOS", "AppLifecycleTutorial\AppLifecycleTutorial.iOS\AppLifecycleTutorial.iOS.csproj", "{2F6CF7F4-92DA-4A9D-BB64-FA26C42D4AA1}"
EndProject
Project("{FAE04EC0-301F-11D3-BF4B-00C04F79EFBC}") = "AppLifecycleTutorial", "AppLifecycleTutorial\AppLifecycleTutorial\AppLifecycleTutorial.csproj", "{877E112B-C6AA-40BF-AA0A-94631C011812}"
EndProject
Global
	GlobalSection(SolutionConfigurationPlatforms) = preSolution
		Debug|Any CPU = Debug|Any CPU
		Debug|iPhone = Debug|iPhone
		Debug|iPhoneSimulator = Debug|iPhoneSimulator
		Release|Any CPU = Release|Any CPU
		Release|iPhone = Release|iPhone
		Release|iPhoneSimulator = Release|iPhoneSimulator
	EndGlobalSection
	GlobalSection(ProjectConfigurationPlatforms) = postSolution
		{44000F1D-B6BF-4329-9C1D-48CF66511669}.Debug|Any CPU.ActiveCfg = Debug|Any CPU
		{44000F1D-B6BF-4329-9C1D-48CF66511669}.Debug|Any CPU.Build.0 = Debug|Any CPU
		{44000F1D-B6BF-4329-9C1D-48CF66511669}.Debug|Any CPU.Deploy.0 = Debug|Any CPU
		{44000F1D-B6BF-4329-9C1D-48CF66511669}.Debug|iPhone.ActiveCfg = Debug|Any CPU
		{44000F1D-B6BF-4329-9C1D-48CF66511669}.Debug|iPhone.Build.0 = Debug|Any CPU
		{44000F1D-B6BF-4329-9C1D-48CF66511669}.Debug|iPhone.Deploy.0 = Debug|Any CPU
		{44000F1D-B6BF-4329-9C1D-48CF66511669}.Debug|iPhoneSimulator.ActiveCfg = Debug|Any CPU
		{44000F1D-B6BF-4329-9C1D-48CF66511669}.Debug|iPhoneSimulator.Build.0 = Debug|Any CPU
		{44000F1D-B6BF-4329-9C1D-48CF66511669}.Debug|iPhoneSimulator.Deploy.0 = Debug|Any CPU
		{44000F1D-B6BF-4329-9C1D-48CF66511669}.Release|Any CPU.ActiveCfg = Release|Any CPU
		{44000F1D-B6BF-4329-9C1D-48CF66511669}.Release|Any CPU.Build.0 = Release|Any CPU
		{44000F1D-B6BF-4329-9C1D-48CF66511669}.Release|Any CPU.Deploy.0 = Release|Any CPU
		{44000F1D-B6BF-4329-9C1D-48CF66511669}.Release|iPhone.ActiveCfg = Release|Any CPU
		{44000F1D-B6BF-4329-9C1D-48CF66511669}.Release|iPhone.Build.0 = Release|Any CPU
		{44000F1D-B6BF-4329-9C1D-48CF66511669}.Release|iPhone.Deploy.0 = Release|Any CPU
		{44000F1D-B6BF-4329-9C1D-48CF66511669}.Release|iPhoneSimulator.ActiveCfg = Release|Any CPU
		{44000F1D-B6BF-4329-9C1D-48CF66511669}.Release|iPhoneSimulator.Build.0 = Release|Any CPU
		{44000F1D-B6BF-4329-9C1D-48CF66511669}.Release|iPhoneSimulator.Deploy.0 = Release|Any CPU
		{2F6CF7F4-92DA-4A9D-BB64-FA26C42D4AA1}.Debug|Any CPU.ActiveCfg = Debug|iPhone
		{2F6CF7F4-92DA-4A9D-BB64-FA26C42D4AA1}.Debug|Any CPU.Build.0 = Debug|iPhone
		{2F6CF7F4-92DA-4A9D-BB64-FA26C42D4AA1}.Debug|Any CPU.Deploy.0 = Debug|iPhone
		{2F6CF7F4-92DA-4A9D-BB64-FA26C42D4AA1}.Debug|iPhone.ActiveCfg = Debug|iPhone
		{2F6CF7F4-92DA-4A9D-BB64-FA26C42D4AA1}.Debug|iPhone.Build.0 = Debug|iPhone
		{2F6CF7F4-92DA-4A9D-BB64-FA26C42D4AA1}.Debug|iPhone.Deploy.0 = Debug|iPhone
		{2F6CF7F4-92DA-4A9D-BB64-FA26C42D4AA1}.Debug|iPhoneSimulator.ActiveCfg = Debug|iPhoneSimulator
		{2F6CF7F4-92DA-4A9D-BB64-FA26C42D4AA1}.Debug|iPhoneSimulator.Build.0 = Debug|iPhoneSimulator
		{2F6CF7F4-92DA-4A9D-BB64-FA26C42D4AA1}.Debug|iPhoneSimulator.Deploy.0 = Debug|iPhoneSimulator
		{2F6CF7F4-92DA-4A9D-BB64-FA26C42D4AA1}.Release|Any CPU.ActiveCfg = Release|iPhoneSimulator
		{2F6CF7F4-92DA-4A9D-BB64-FA26C42D4AA1}.Release|Any CPU.Build.0 = Release|iPhoneSimulator
		{2F6CF7F4-92DA-4A9D-BB64-FA26C42D4AA1}.Release|Any CPU.Deploy.0 = Release|iPhoneSimulator
		{2F6CF7F4-92DA-4A9D-BB64-FA26C42D4AA1}.Release|iPhone.ActiveCfg = Release|iPhone
		{2F6CF7F4-92DA-4A9D-BB64-FA26C42D4AA1}.Release|iPhone.Build.0 = Release|iPhone
		{2F6CF7F4-92DA-4A9D-BB64-FA26C42D4AA1}.Release|iPhone.Deploy.0 = Release|iPhone
		{2F6CF7F4-92DA-4A9D-BB64-FA26C42D4AA1}.Release|iPhoneSimulator.ActiveCfg = Release|iPhoneSimulator
		{2F6CF7F4-92DA-4A9D-BB64-FA26C42D4AA1}.Release|iPhoneSimulator.Build.0 = Release|iPhoneSimulator
		{2F6CF7F4-92DA-4A9D-BB64-FA26C42D4AA1}.Release|iPhoneSimulator.Deploy.0 = Release|iPhoneSimulator
		{877E112B-C6AA-40BF-AA0A-94631C011812}.Debug|Any CPU.ActiveCfg = Debug|Any CPU
		{877E112B-C6AA-40BF-AA0A-94631C011812}.Debug|Any CPU.Build.0 = Debug|Any CPU
		{877E112B-C6AA-40BF-AA0A-94631C011812}.Debug|Any CPU.Deploy.0 = Debug|Any CPU
		{877E112B-C6AA-40BF-AA0A-94631C011812}.Debug|iPhone.ActiveCfg = Debug|Any CPU
		{877E112B-C6AA-40BF-AA0A-94631C011812}.Debug|iPhone.Build.0 = Debug|Any CPU
		{877E112B-C6AA-40BF-AA0A-94631C011812}.Debug|iPhone.Deploy.0 = Debug|Any CPU
		{877E112B-C6AA-40BF-AA0A-94631C011812}.Debug|iPhoneSimulator.ActiveCfg = Debug|Any CPU
		{877E112B-C6AA-40BF-AA0A-94631C011812}.Debug|iPhoneSimulator.Build.0 = Debug|Any CPU
		{877E112B-C6AA-40BF-AA0A-94631C011812}.Debug|iPhoneSimulator.Deploy.0 = Debug|Any CPU
		{877E112B-C6AA-40BF-AA0A-94631C011812}.Release|Any CPU.ActiveCfg = Release|Any CPU
		{877E112B-C6AA-40BF-AA0A-94631C011812}.Release|Any CPU.Build.0 = Release|Any CPU
		{877E112B-C6AA-40BF-AA0A-94631C011812}.Release|Any CPU.Deploy.0 = Release|Any CPU
		{877E112B-C6AA-40BF-AA0A-94631C011812}.Release|iPhone.ActiveCfg = Release|Any CPU
		{877E112B-C6AA-40BF-AA0A-94631C011812}.Release|iPhone.Build.0 = Release|Any CPU
		{877E112B-C6AA-40BF-AA0A-94631C011812}.Release|iPhone.Deploy.0 = Release|Any CPU
		{877E112B-C6AA-40BF-AA0A-94631C011812}.Release|iPhoneSimulator.ActiveCfg = Release|Any CPU
		{877E112B-C6AA-40BF-AA0A-94631C011812}.Release|iPhoneSimulator.Build.0 = Release|Any CPU
		{877E112B-C6AA-40BF-AA0A-94631C011812}.Release|iPhoneSimulator.Deploy.0 = Release|Any CPU
	EndGlobalSection
	GlobalSection(SolutionProperties) = preSolution
		HideSolutionNode = FALSE
	EndGlobalSection
	GlobalSection(ExtensibilityGlobals) = postSolution
		SolutionGuid = {67DD1125-7E23-47CB-9F65-EFF60DD17363}
	EndGlobalSection
EndGlobal
